
Microsoft Visual Studio Solution File, Format Version 12.00
# Visual Studio Version 17
VisualStudioVersion = 17.13.35913.81 d17.13
MinimumVisualStudioVersion = 10.0.40219.1
Project("{8BC9CEB8-8B4A-11D0-8D11-00A0C91BC942}") = "LIB_LaunchEnableForConcurrentThreadsAt_CLIENT", "LIB_LaunchEnableForConcurrentThreadsAt_CLIENT\LIB_LaunchEnableForConcurrentThreadsAt_CLIENT.vcxproj", "{C99A7034-2575-471A-A41F-D731FE326746}"
EndProject
Project("{8BC9CEB8-8B4A-11D0-8D11-00A0C91BC942}") = "LIB_LaunchEnableForConcurrentThreadsAt_SERVER", "LIB_LaunchEnableForConcurrentThreadsAt_SERVER\LIB_LaunchEnableForConcurrentThreadsAt_SERVER.vcxproj", "{BB20A1B2-00D5-4DE8-B2C3-C1D55CDD9D7B}"
EndProject
Project("{8BC9CEB8-8B4A-11D0-8D11-00A0C91BC942}") = "LIB_LaunchEnableForConcurrentThreadsAt_END", "LIB_LaunchEnableForConcurrentThreadsAt_END\LIB_LaunchEnableForConcurrentThreadsAt_END.vcxproj", "{459DAE20-8DC9-404F-AB4D-09F08A8CA7E1}"
EndProject
Project("{8BC9CEB8-8B4A-11D0-8D11-00A0C91BC942}") = "LIB_Server_IO_Concurrnecy", "LIB_Server_IO_Concurrnecy\LIB_Server_IO_Concurrnecy.vcxproj", "{E107A452-3B50-4E6E-BA5E-613FE444A18F}"
EndProject
Project("{8BC9CEB8-8B4A-11D0-8D11-00A0C91BC942}") = "LIB_WriteEnableForThreadsAt_CLIENTINPUTACTION", "LIB_WriteEnableForThreadsAt_CLIENTINPUTACTION\LIB_WriteEnableForThreadsAt_CLIENTINPUTACTION.vcxproj", "{1DB7D39D-8500-4B47-9176-2F463CB3AC3F}"
EndProject
Project("{8BC9CEB8-8B4A-11D0-8D11-00A0C91BC942}") = "LIB_WriteEnableForThreadsAt_CLIENTOUTPUTRECIEVE", "LIB_WriteEnableForThreadsAt_CLIENTOUTPUTRECIEVE\LIB_WriteEnableForThreadsAt_CLIENTOUTPUTRECIEVE.vcxproj", "{794D0F88-6FC9-4BA0-955B-08B1B928FD78}"
EndProject
Project("{8BC9CEB8-8B4A-11D0-8D11-00A0C91BC942}") = "LIB_WriteEnableForThreadsAt_SERVERINPUTACTION", "LIB_WriteEnableForThreadsAt_SERVERINPUTACTION\LIB_WriteEnableForThreadsAt_SERVERINPUTACTION.vcxproj", "{C8A63A70-26BA-4148-8B0A-6F8DA78A147E}"
EndProject
Project("{8BC9CEB8-8B4A-11D0-8D11-00A0C91BC942}") = "LIB_WriteEnableForThreadsAt_STACK", "LIB_WriteEnableForThreadsAt_STACK\LIB_WriteEnableForThreadsAt_STACK.vcxproj", "{7B77AE75-5793-4806-A256-B3034DB4FE5D}"
EndProject
Project("{8BC9CEB8-8B4A-11D0-8D11-00A0C91BC942}") = "LIB_WriteEnableForThreadsAt_SERVEROUTPUTRECIEVE", "LIB_WriteEnableForThreadsAt_SERVEROUTPUTRECIEVE\LIB_WriteEnableForThreadsAt_SERVEROUTPUTRECIEVE.vcxproj", "{70723EEF-8A96-48EC-83C2-A90E4953928A}"
EndProject
Global
	GlobalSection(SolutionConfigurationPlatforms) = preSolution
		Debug|x64 = Debug|x64
		Debug|x86 = Debug|x86
		Release|x64 = Release|x64
		Release|x86 = Release|x86
	EndGlobalSection
	GlobalSection(ProjectConfigurationPlatforms) = postSolution
		{C99A7034-2575-471A-A41F-D731FE326746}.Debug|x64.ActiveCfg = Debug|x64
		{C99A7034-2575-471A-A41F-D731FE326746}.Debug|x64.Build.0 = Debug|x64
		{C99A7034-2575-471A-A41F-D731FE326746}.Debug|x86.ActiveCfg = Debug|Win32
		{C99A7034-2575-471A-A41F-D731FE326746}.Debug|x86.Build.0 = Debug|Win32
		{C99A7034-2575-471A-A41F-D731FE326746}.Release|x64.ActiveCfg = Release|x64
		{C99A7034-2575-471A-A41F-D731FE326746}.Release|x64.Build.0 = Release|x64
		{C99A7034-2575-471A-A41F-D731FE326746}.Release|x86.ActiveCfg = Release|Win32
		{C99A7034-2575-471A-A41F-D731FE326746}.Release|x86.Build.0 = Release|Win32
		{BB20A1B2-00D5-4DE8-B2C3-C1D55CDD9D7B}.Debug|x64.ActiveCfg = Debug|x64
		{BB20A1B2-00D5-4DE8-B2C3-C1D55CDD9D7B}.Debug|x64.Build.0 = Debug|x64
		{BB20A1B2-00D5-4DE8-B2C3-C1D55CDD9D7B}.Debug|x86.ActiveCfg = Debug|Win32
		{BB20A1B2-00D5-4DE8-B2C3-C1D55CDD9D7B}.Debug|x86.Build.0 = Debug|Win32
		{BB20A1B2-00D5-4DE8-B2C3-C1D55CDD9D7B}.Release|x64.ActiveCfg = Release|x64
		{BB20A1B2-00D5-4DE8-B2C3-C1D55CDD9D7B}.Release|x64.Build.0 = Release|x64
		{BB20A1B2-00D5-4DE8-B2C3-C1D55CDD9D7B}.Release|x86.ActiveCfg = Release|Win32
		{BB20A1B2-00D5-4DE8-B2C3-C1D55CDD9D7B}.Release|x86.Build.0 = Release|Win32
		{459DAE20-8DC9-404F-AB4D-09F08A8CA7E1}.Debug|x64.ActiveCfg = Debug|x64
		{459DAE20-8DC9-404F-AB4D-09F08A8CA7E1}.Debug|x64.Build.0 = Debug|x64
		{459DAE20-8DC9-404F-AB4D-09F08A8CA7E1}.Debug|x86.ActiveCfg = Debug|Win32
		{459DAE20-8DC9-404F-AB4D-09F08A8CA7E1}.Debug|x86.Build.0 = Debug|Win32
		{459DAE20-8DC9-404F-AB4D-09F08A8CA7E1}.Release|x64.ActiveCfg = Release|x64
		{459DAE20-8DC9-404F-AB4D-09F08A8CA7E1}.Release|x64.Build.0 = Release|x64
		{459DAE20-8DC9-404F-AB4D-09F08A8CA7E1}.Release|x86.ActiveCfg = Release|Win32
		{459DAE20-8DC9-404F-AB4D-09F08A8CA7E1}.Release|x86.Build.0 = Release|Win32
		{E107A452-3B50-4E6E-BA5E-613FE444A18F}.Debug|x64.ActiveCfg = Debug|x64
		{E107A452-3B50-4E6E-BA5E-613FE444A18F}.Debug|x64.Build.0 = Debug|x64
		{E107A452-3B50-4E6E-BA5E-613FE444A18F}.Debug|x86.ActiveCfg = Debug|Win32
		{E107A452-3B50-4E6E-BA5E-613FE444A18F}.Debug|x86.Build.0 = Debug|Win32
		{E107A452-3B50-4E6E-BA5E-613FE444A18F}.Release|x64.ActiveCfg = Release|x64
		{E107A452-3B50-4E6E-BA5E-613FE444A18F}.Release|x64.Build.0 = Release|x64
		{E107A452-3B50-4E6E-BA5E-613FE444A18F}.Release|x86.ActiveCfg = Release|Win32
		{E107A452-3B50-4E6E-BA5E-613FE444A18F}.Release|x86.Build.0 = Release|Win32
		{1DB7D39D-8500-4B47-9176-2F463CB3AC3F}.Debug|x64.ActiveCfg = Debug|x64
		{1DB7D39D-8500-4B47-9176-2F463CB3AC3F}.Debug|x64.Build.0 = Debug|x64
		{1DB7D39D-8500-4B47-9176-2F463CB3AC3F}.Debug|x86.ActiveCfg = Debug|Win32
		{1DB7D39D-8500-4B47-9176-2F463CB3AC3F}.Debug|x86.Build.0 = Debug|Win32
		{1DB7D39D-8500-4B47-9176-2F463CB3AC3F}.Release|x64.ActiveCfg = Release|x64
		{1DB7D39D-8500-4B47-9176-2F463CB3AC3F}.Release|x64.Build.0 = Release|x64
		{1DB7D39D-8500-4B47-9176-2F463CB3AC3F}.Release|x86.ActiveCfg = Release|Win32
		{1DB7D39D-8500-4B47-9176-2F463CB3AC3F}.Release|x86.Build.0 = Release|Win32
		{794D0F88-6FC9-4BA0-955B-08B1B928FD78}.Debug|x64.ActiveCfg = Debug|x64
		{794D0F88-6FC9-4BA0-955B-08B1B928FD78}.Debug|x64.Build.0 = Debug|x64
		{794D0F88-6FC9-4BA0-955B-08B1B928FD78}.Debug|x86.ActiveCfg = Debug|Win32
		{794D0F88-6FC9-4BA0-955B-08B1B928FD78}.Debug|x86.Build.0 = Debug|Win32
		{794D0F88-6FC9-4BA0-955B-08B1B928FD78}.Release|x64.ActiveCfg = Release|x64
		{794D0F88-6FC9-4BA0-955B-08B1B928FD78}.Release|x64.Build.0 = Release|x64
		{794D0F88-6FC9-4BA0-955B-08B1B928FD78}.Release|x86.ActiveCfg = Release|Win32
		{794D0F88-6FC9-4BA0-955B-08B1B928FD78}.Release|x86.Build.0 = Release|Win32
		{C8A63A70-26BA-4148-8B0A-6F8DA78A147E}.Debug|x64.ActiveCfg = Debug|x64
		{C8A63A70-26BA-4148-8B0A-6F8DA78A147E}.Debug|x64.Build.0 = Debug|x64
		{C8A63A70-26BA-4148-8B0A-6F8DA78A147E}.Debug|x86.ActiveCfg = Debug|Win32
		{C8A63A70-26BA-4148-8B0A-6F8DA78A147E}.Debug|x86.Build.0 = Debug|Win32
		{C8A63A70-26BA-4148-8B0A-6F8DA78A147E}.Release|x64.ActiveCfg = Release|x64
		{C8A63A70-26BA-4148-8B0A-6F8DA78A147E}.Release|x64.Build.0 = Release|x64
		{C8A63A70-26BA-4148-8B0A-6F8DA78A147E}.Release|x86.ActiveCfg = Release|Win32
		{C8A63A70-26BA-4148-8B0A-6F8DA78A147E}.Release|x86.Build.0 = Release|Win32
		{7B77AE75-5793-4806-A256-B3034DB4FE5D}.Debug|x64.ActiveCfg = Debug|x64
		{7B77AE75-5793-4806-A256-B3034DB4FE5D}.Debug|x64.Build.0 = Debug|x64
		{7B77AE75-5793-4806-A256-B3034DB4FE5D}.Debug|x86.ActiveCfg = Debug|Win32
		{7B77AE75-5793-4806-A256-B3034DB4FE5D}.Debug|x86.Build.0 = Debug|Win32
		{7B77AE75-5793-4806-A256-B3034DB4FE5D}.Release|x64.ActiveCfg = Release|x64
		{7B77AE75-5793-4806-A256-B3034DB4FE5D}.Release|x64.Build.0 = Release|x64
		{7B77AE75-5793-4806-A256-B3034DB4FE5D}.Release|x86.ActiveCfg = Release|Win32
		{7B77AE75-5793-4806-A256-B3034DB4FE5D}.Release|x86.Build.0 = Release|Win32
		{70723EEF-8A96-48EC-83C2-A90E4953928A}.Debug|x64.ActiveCfg = Debug|x64
		{70723EEF-8A96-48EC-83C2-A90E4953928A}.Debug|x64.Build.0 = Debug|x64
		{70723EEF-8A96-48EC-83C2-A90E4953928A}.Debug|x86.ActiveCfg = Debug|Win32
		{70723EEF-8A96-48EC-83C2-A90E4953928A}.Debug|x86.Build.0 = Debug|Win32
		{70723EEF-8A96-48EC-83C2-A90E4953928A}.Release|x64.ActiveCfg = Release|x64
		{70723EEF-8A96-48EC-83C2-A90E4953928A}.Release|x64.Build.0 = Release|x64
		{70723EEF-8A96-48EC-83C2-A90E4953928A}.Release|x86.ActiveCfg = Release|Win32
		{70723EEF-8A96-48EC-83C2-A90E4953928A}.Release|x86.Build.0 = Release|Win32
	EndGlobalSection
	GlobalSection(SolutionProperties) = preSolution
		HideSolutionNode = FALSE
	EndGlobalSection
	GlobalSection(ExtensibilityGlobals) = postSolution
		SolutionGuid = {0FF72117-C74D-4430-8D5F-F1BB756ACA0C}
	EndGlobalSection
EndGlobal
