
Microsoft Visual Studio Solution File, Format Version 12.00
# Visual Studio Version 17
VisualStudioVersion = 17.13.35913.81
MinimumVisualStudioVersion = 10.0.40219.1
Project("{8BC9CEB8-8B4A-11D0-8D11-00A0C91BC942}") = "LIB_LaunchEnableForConcurrentThreadsAt_CLIENT", "LIB_LaunchEnableForConcurrentThreadsAt_CLIENT\LIB_LaunchEnableForConcurrentThreadsAt_CLIENT.vcxproj", "{C99A7034-2575-471A-A41F-D731FE326746}"
EndProject
Project("{8BC9CEB8-8B4A-11D0-8D11-00A0C91BC942}") = "LIB_LaunchEnableForConcurrentThreadsAt_SERVER", "LIB_LaunchEnableForConcurrentThreadsAt_SERVER\LIB_LaunchEnableForConcurrentThreadsAt_SERVER.vcxproj", "{BB20A1B2-00D5-4DE8-B2C3-C1D55CDD9D7B}"
EndProject
Project("{8BC9CEB8-8B4A-11D0-8D11-00A0C91BC942}") = "LIB_Server_IO_Concurrnecy", "LIB_Server_IO_Concurrnecy\LIB_Server_IO_Concurrnecy.vcxproj", "{E107A452-3B50-4E6E-BA5E-613FE444A18F}"
EndProject
Project("{8BC9CEB8-8B4A-11D0-8D11-00A0C91BC942}") = "LIB_WriteEnableForThreadsAt_CLIENTINPUTACTION", "LIB_WriteEnableForThreadsAt_CLIENTINPUTACTION\LIB_WriteEnableForThreadsAt_CLIENTINPUTACTION.vcxproj", "{1DB7D39D-8500-4B47-9176-2F463CB3AC3F}"
EndProject
Project("{8BC9CEB8-8B4A-11D0-8D11-00A0C91BC942}") = "LIB_WriteEnableForThreadsAt_CLIENTOUTPUTRECIEVE", "LIB_WriteEnableForThreadsAt_CLIENTOUTPUTRECIEVE\LIB_WriteEnableForThreadsAt_CLIENTOUTPUTRECIEVE.vcxproj", "{794D0F88-6FC9-4BA0-955B-08B1B928FD78}"
EndProject
Project("{8BC9CEB8-8B4A-11D0-8D11-00A0C91BC942}") = "LIB_WriteEnableForThreadsAt_SERVERINPUTACTION", "LIB_WriteEnableForThreadsAt_SERVERINPUTACTION\LIB_WriteEnableForThreadsAt_SERVERINPUTACTION.vcxproj", "{C8A63A70-26BA-4148-8B0A-6F8DA78A147E}"
EndProject
Project("{8BC9CEB8-8B4A-11D0-8D11-00A0C91BC942}") = "TESTBENCH_Libraries_Cpp", "TESTBENCH_Libraries_Cpp\TESTBENCH_Libraries_Cpp.vcxproj", "{3974EF5A-A931-4DA5-9109-46F0FD25C23D}"
EndProject
Project("{FAE04EC0-301F-11D3-BF4B-00C04F79EFBC}") = "TESTBENCH_Libraries_Csharp", "TESTBENCH_Libraries_Csharp\TESTBENCH_Libraries_Csharp.csproj", "{426CC3A7-0194-4873-9CFB-A27D96A1211E}"
EndProject
Project("{8BC9CEB8-8B4A-11D0-8D11-00A0C91BC942}") = "LIB_WriteEnableForThreadsAt_SERVEROUTPUTRECIEVE", "LIB_WriteEnableForThreadsAt_SERVEROUTPUTRECIEVE\LIB_WriteEnableForThreadsAt_SERVEROUTPUTRECIEVE.vcxproj", "{DD7F0B4F-2982-4C70-A355-DF8AE83C1987}"
EndProject
Global
	GlobalSection(SolutionConfigurationPlatforms) = preSolution
		Debug|Any CPU = Debug|Any CPU
		Debug|x64 = Debug|x64
		Debug|x86 = Debug|x86
		Release|Any CPU = Release|Any CPU
		Release|x64 = Release|x64
		Release|x86 = Release|x86
	EndGlobalSection
	GlobalSection(ProjectConfigurationPlatforms) = postSolution
		{C99A7034-2575-471A-A41F-D731FE326746}.Debug|Any CPU.ActiveCfg = Debug|x64
		{C99A7034-2575-471A-A41F-D731FE326746}.Debug|Any CPU.Build.0 = Debug|x64
		{C99A7034-2575-471A-A41F-D731FE326746}.Debug|x64.ActiveCfg = Debug|x64
		{C99A7034-2575-471A-A41F-D731FE326746}.Debug|x64.Build.0 = Debug|x64
		{C99A7034-2575-471A-A41F-D731FE326746}.Debug|x86.ActiveCfg = Debug|Win32
		{C99A7034-2575-471A-A41F-D731FE326746}.Debug|x86.Build.0 = Debug|Win32
		{C99A7034-2575-471A-A41F-D731FE326746}.Release|Any CPU.ActiveCfg = Release|x64
		{C99A7034-2575-471A-A41F-D731FE326746}.Release|Any CPU.Build.0 = Release|x64
		{C99A7034-2575-471A-A41F-D731FE326746}.Release|x64.ActiveCfg = Release|x64
		{C99A7034-2575-471A-A41F-D731FE326746}.Release|x64.Build.0 = Release|x64
		{C99A7034-2575-471A-A41F-D731FE326746}.Release|x86.ActiveCfg = Release|Win32
		{C99A7034-2575-471A-A41F-D731FE326746}.Release|x86.Build.0 = Release|Win32
		{BB20A1B2-00D5-4DE8-B2C3-C1D55CDD9D7B}.Debug|Any CPU.ActiveCfg = Debug|x64
		{BB20A1B2-00D5-4DE8-B2C3-C1D55CDD9D7B}.Debug|Any CPU.Build.0 = Debug|x64
		{BB20A1B2-00D5-4DE8-B2C3-C1D55CDD9D7B}.Debug|x64.ActiveCfg = Debug|x64
		{BB20A1B2-00D5-4DE8-B2C3-C1D55CDD9D7B}.Debug|x64.Build.0 = Debug|x64
		{BB20A1B2-00D5-4DE8-B2C3-C1D55CDD9D7B}.Debug|x86.ActiveCfg = Debug|Win32
		{BB20A1B2-00D5-4DE8-B2C3-C1D55CDD9D7B}.Debug|x86.Build.0 = Debug|Win32
		{BB20A1B2-00D5-4DE8-B2C3-C1D55CDD9D7B}.Release|Any CPU.ActiveCfg = Release|x64
		{BB20A1B2-00D5-4DE8-B2C3-C1D55CDD9D7B}.Release|Any CPU.Build.0 = Release|x64
		{BB20A1B2-00D5-4DE8-B2C3-C1D55CDD9D7B}.Release|x64.ActiveCfg = Release|x64
		{BB20A1B2-00D5-4DE8-B2C3-C1D55CDD9D7B}.Release|x64.Build.0 = Release|x64
		{BB20A1B2-00D5-4DE8-B2C3-C1D55CDD9D7B}.Release|x86.ActiveCfg = Release|Win32
		{BB20A1B2-00D5-4DE8-B2C3-C1D55CDD9D7B}.Release|x86.Build.0 = Release|Win32
		{E107A452-3B50-4E6E-BA5E-613FE444A18F}.Debug|Any CPU.ActiveCfg = Debug|x64
		{E107A452-3B50-4E6E-BA5E-613FE444A18F}.Debug|Any CPU.Build.0 = Debug|x64
		{E107A452-3B50-4E6E-BA5E-613FE444A18F}.Debug|x64.ActiveCfg = Debug|x64
		{E107A452-3B50-4E6E-BA5E-613FE444A18F}.Debug|x64.Build.0 = Debug|x64
		{E107A452-3B50-4E6E-BA5E-613FE444A18F}.Debug|x86.ActiveCfg = Debug|Win32
		{E107A452-3B50-4E6E-BA5E-613FE444A18F}.Debug|x86.Build.0 = Debug|Win32
		{E107A452-3B50-4E6E-BA5E-613FE444A18F}.Release|Any CPU.ActiveCfg = Release|x64
		{E107A452-3B50-4E6E-BA5E-613FE444A18F}.Release|Any CPU.Build.0 = Release|x64
		{E107A452-3B50-4E6E-BA5E-613FE444A18F}.Release|x64.ActiveCfg = Release|x64
		{E107A452-3B50-4E6E-BA5E-613FE444A18F}.Release|x64.Build.0 = Release|x64
		{E107A452-3B50-4E6E-BA5E-613FE444A18F}.Release|x86.ActiveCfg = Release|Win32
		{E107A452-3B50-4E6E-BA5E-613FE444A18F}.Release|x86.Build.0 = Release|Win32
		{1DB7D39D-8500-4B47-9176-2F463CB3AC3F}.Debug|Any CPU.ActiveCfg = Debug|x64
		{1DB7D39D-8500-4B47-9176-2F463CB3AC3F}.Debug|Any CPU.Build.0 = Debug|x64
		{1DB7D39D-8500-4B47-9176-2F463CB3AC3F}.Debug|x64.ActiveCfg = Debug|x64
		{1DB7D39D-8500-4B47-9176-2F463CB3AC3F}.Debug|x64.Build.0 = Debug|x64
		{1DB7D39D-8500-4B47-9176-2F463CB3AC3F}.Debug|x86.ActiveCfg = Debug|Win32
		{1DB7D39D-8500-4B47-9176-2F463CB3AC3F}.Debug|x86.Build.0 = Debug|Win32
		{1DB7D39D-8500-4B47-9176-2F463CB3AC3F}.Release|Any CPU.ActiveCfg = Release|x64
		{1DB7D39D-8500-4B47-9176-2F463CB3AC3F}.Release|Any CPU.Build.0 = Release|x64
		{1DB7D39D-8500-4B47-9176-2F463CB3AC3F}.Release|x64.ActiveCfg = Release|x64
		{1DB7D39D-8500-4B47-9176-2F463CB3AC3F}.Release|x64.Build.0 = Release|x64
		{1DB7D39D-8500-4B47-9176-2F463CB3AC3F}.Release|x86.ActiveCfg = Release|Win32
		{1DB7D39D-8500-4B47-9176-2F463CB3AC3F}.Release|x86.Build.0 = Release|Win32
		{794D0F88-6FC9-4BA0-955B-08B1B928FD78}.Debug|Any CPU.ActiveCfg = Debug|x64
		{794D0F88-6FC9-4BA0-955B-08B1B928FD78}.Debug|Any CPU.Build.0 = Debug|x64
		{794D0F88-6FC9-4BA0-955B-08B1B928FD78}.Debug|x64.ActiveCfg = Debug|x64
		{794D0F88-6FC9-4BA0-955B-08B1B928FD78}.Debug|x64.Build.0 = Debug|x64
		{794D0F88-6FC9-4BA0-955B-08B1B928FD78}.Debug|x86.ActiveCfg = Debug|Win32
		{794D0F88-6FC9-4BA0-955B-08B1B928FD78}.Debug|x86.Build.0 = Debug|Win32
		{794D0F88-6FC9-4BA0-955B-08B1B928FD78}.Release|Any CPU.ActiveCfg = Release|x64
		{794D0F88-6FC9-4BA0-955B-08B1B928FD78}.Release|Any CPU.Build.0 = Release|x64
		{794D0F88-6FC9-4BA0-955B-08B1B928FD78}.Release|x64.ActiveCfg = Release|x64
		{794D0F88-6FC9-4BA0-955B-08B1B928FD78}.Release|x64.Build.0 = Release|x64
		{794D0F88-6FC9-4BA0-955B-08B1B928FD78}.Release|x86.ActiveCfg = Release|Win32
		{794D0F88-6FC9-4BA0-955B-08B1B928FD78}.Release|x86.Build.0 = Release|Win32
		{C8A63A70-26BA-4148-8B0A-6F8DA78A147E}.Debug|Any CPU.ActiveCfg = Debug|x64
		{C8A63A70-26BA-4148-8B0A-6F8DA78A147E}.Debug|Any CPU.Build.0 = Debug|x64
		{C8A63A70-26BA-4148-8B0A-6F8DA78A147E}.Debug|x64.ActiveCfg = Debug|x64
		{C8A63A70-26BA-4148-8B0A-6F8DA78A147E}.Debug|x64.Build.0 = Debug|x64
		{C8A63A70-26BA-4148-8B0A-6F8DA78A147E}.Debug|x86.ActiveCfg = Debug|Win32
		{C8A63A70-26BA-4148-8B0A-6F8DA78A147E}.Debug|x86.Build.0 = Debug|Win32
		{C8A63A70-26BA-4148-8B0A-6F8DA78A147E}.Release|Any CPU.ActiveCfg = Release|x64
		{C8A63A70-26BA-4148-8B0A-6F8DA78A147E}.Release|Any CPU.Build.0 = Release|x64
		{C8A63A70-26BA-4148-8B0A-6F8DA78A147E}.Release|x64.ActiveCfg = Release|x64
		{C8A63A70-26BA-4148-8B0A-6F8DA78A147E}.Release|x64.Build.0 = Release|x64
		{C8A63A70-26BA-4148-8B0A-6F8DA78A147E}.Release|x86.ActiveCfg = Release|Win32
		{C8A63A70-26BA-4148-8B0A-6F8DA78A147E}.Release|x86.Build.0 = Release|Win32
		{3974EF5A-A931-4DA5-9109-46F0FD25C23D}.Debug|Any CPU.ActiveCfg = Debug|x64
		{3974EF5A-A931-4DA5-9109-46F0FD25C23D}.Debug|Any CPU.Build.0 = Debug|x64
		{3974EF5A-A931-4DA5-9109-46F0FD25C23D}.Debug|x64.ActiveCfg = Debug|x64
		{3974EF5A-A931-4DA5-9109-46F0FD25C23D}.Debug|x64.Build.0 = Debug|x64
		{3974EF5A-A931-4DA5-9109-46F0FD25C23D}.Debug|x86.ActiveCfg = Debug|Win32
		{3974EF5A-A931-4DA5-9109-46F0FD25C23D}.Debug|x86.Build.0 = Debug|Win32
		{3974EF5A-A931-4DA5-9109-46F0FD25C23D}.Release|Any CPU.ActiveCfg = Release|x64
		{3974EF5A-A931-4DA5-9109-46F0FD25C23D}.Release|Any CPU.Build.0 = Release|x64
		{3974EF5A-A931-4DA5-9109-46F0FD25C23D}.Release|x64.ActiveCfg = Release|x64
		{3974EF5A-A931-4DA5-9109-46F0FD25C23D}.Release|x64.Build.0 = Release|x64
		{3974EF5A-A931-4DA5-9109-46F0FD25C23D}.Release|x86.ActiveCfg = Release|Win32
		{3974EF5A-A931-4DA5-9109-46F0FD25C23D}.Release|x86.Build.0 = Release|Win32
		{426CC3A7-0194-4873-9CFB-A27D96A1211E}.Debug|Any CPU.ActiveCfg = Debug|Any CPU
		{426CC3A7-0194-4873-9CFB-A27D96A1211E}.Debug|Any CPU.Build.0 = Debug|Any CPU
		{426CC3A7-0194-4873-9CFB-A27D96A1211E}.Debug|x64.ActiveCfg = Debug|Any CPU
		{426CC3A7-0194-4873-9CFB-A27D96A1211E}.Debug|x64.Build.0 = Debug|Any CPU
		{426CC3A7-0194-4873-9CFB-A27D96A1211E}.Debug|x86.ActiveCfg = Debug|x86
		{426CC3A7-0194-4873-9CFB-A27D96A1211E}.Debug|x86.Build.0 = Debug|x86
		{426CC3A7-0194-4873-9CFB-A27D96A1211E}.Release|Any CPU.ActiveCfg = Release|Any CPU
		{426CC3A7-0194-4873-9CFB-A27D96A1211E}.Release|Any CPU.Build.0 = Release|Any CPU
		{426CC3A7-0194-4873-9CFB-A27D96A1211E}.Release|x64.ActiveCfg = Release|Any CPU
		{426CC3A7-0194-4873-9CFB-A27D96A1211E}.Release|x64.Build.0 = Release|Any CPU
		{426CC3A7-0194-4873-9CFB-A27D96A1211E}.Release|x86.ActiveCfg = Release|x86
		{426CC3A7-0194-4873-9CFB-A27D96A1211E}.Release|x86.Build.0 = Release|x86
		{DD7F0B4F-2982-4C70-A355-DF8AE83C1987}.Debug|Any CPU.ActiveCfg = Debug|x64
		{DD7F0B4F-2982-4C70-A355-DF8AE83C1987}.Debug|Any CPU.Build.0 = Debug|x64
		{DD7F0B4F-2982-4C70-A355-DF8AE83C1987}.Debug|x64.ActiveCfg = Debug|x64
		{DD7F0B4F-2982-4C70-A355-DF8AE83C1987}.Debug|x64.Build.0 = Debug|x64
		{DD7F0B4F-2982-4C70-A355-DF8AE83C1987}.Debug|x86.ActiveCfg = Debug|Win32
		{DD7F0B4F-2982-4C70-A355-DF8AE83C1987}.Debug|x86.Build.0 = Debug|Win32
		{DD7F0B4F-2982-4C70-A355-DF8AE83C1987}.Release|Any CPU.ActiveCfg = Release|x64
		{DD7F0B4F-2982-4C70-A355-DF8AE83C1987}.Release|Any CPU.Build.0 = Release|x64
		{DD7F0B4F-2982-4C70-A355-DF8AE83C1987}.Release|x64.ActiveCfg = Release|x64
		{DD7F0B4F-2982-4C70-A355-DF8AE83C1987}.Release|x64.Build.0 = Release|x64
		{DD7F0B4F-2982-4C70-A355-DF8AE83C1987}.Release|x86.ActiveCfg = Release|Win32
		{DD7F0B4F-2982-4C70-A355-DF8AE83C1987}.Release|x86.Build.0 = Release|Win32
	EndGlobalSection
	GlobalSection(SolutionProperties) = preSolution
		HideSolutionNode = FALSE
	EndGlobalSection
	GlobalSection(ExtensibilityGlobals) = postSolution
		SolutionGuid = {0FF72117-C74D-4430-8D5F-F1BB756ACA0C}
	EndGlobalSection
EndGlobal
