
Microsoft Visual Studio Solution File, Format Version 12.00
# Visual Studio Version 17
VisualStudioVersion = 17.13.35913.81
MinimumVisualStudioVersion = 10.0.40219.1
Project("{8BC9CEB8-8B4A-11D0-8D11-00A0C91BC942}") = "LIB_LaunchEnableForConcurrentThreadsAt_CLIENT", "LIB_LaunchEnableForConcurrentThreadsAt_CLIENT\LIB_LaunchEnableForConcurrentThreadsAt_CLIENT.vcxproj", "{C99A7034-2575-471A-A41F-D731FE326746}"
EndProject
Project("{8BC9CEB8-8B4A-11D0-8D11-00A0C91BC942}") = "LIB_LaunchEnableForConcurrentThreadsAt_SERVER", "LIB_LaunchEnableForConcurrentThreadsAt_SERVER\LIB_LaunchEnableForConcurrentThreadsAt_SERVER.vcxproj", "{BB20A1B2-00D5-4DE8-B2C3-C1D55CDD9D7B}"
EndProject
Project("{8BC9CEB8-8B4A-11D0-8D11-00A0C91BC942}") = "LIB_WriteEnableForThreadsAt_CLIENTOUTPUTRECIEVE", "LIB_WriteEnableForThreadsAt_CLIENTOUTPUTRECIEVE\LIB_WriteEnableForThreadsAt_CLIENTOUTPUTRECIEVE.vcxproj", "{794D0F88-6FC9-4BA0-955B-08B1B928FD78}"
EndProject
Project("{8BC9CEB8-8B4A-11D0-8D11-00A0C91BC942}") = "LIB_WriteEnableForThreadsAt_SERVERINPUTACTION", "LIB_WriteEnableForThreadsAt_SERVERINPUTACTION\LIB_WriteEnableForThreadsAt_SERVERINPUTACTION.vcxproj", "{C8A63A70-26BA-4148-8B0A-6F8DA78A147E}"
EndProject
Project("{8BC9CEB8-8B4A-11D0-8D11-00A0C91BC942}") = "LIB_WriteEnableForThreadsAt_SERVEROUTPUTRECIEVE", "LIB_WriteEnableForThreadsAt_SERVEROUTPUTRECIEVE\LIB_WriteEnableForThreadsAt_SERVEROUTPUTRECIEVE.vcxproj", "{DD7F0B4F-2982-4C70-A355-DF8AE83C1987}"
EndProject
Project("{8BC9CEB8-8B4A-11D0-8D11-00A0C91BC942}") = "LIB_WriteEnableForThreadsAt_CLIENTINPUTACTION", "LIB_WriteEnableForThreadsAt_CLIENTINPUTACTION\LIB_WriteEnableForThreadsAt_CLIENTINPUTACTION.vcxproj", "{BABC4CCC-B4EC-484B-B815-544C598D51DA}"
EndProject
Global
	GlobalSection(SolutionConfigurationPlatforms) = preSolution
		Debug|Any CPU = Debug|Any CPU
		Debug|x64 = Debug|x64
		Debug|x86 = Debug|x86
		Release|Any CPU = Release|Any CPU
		Release|x64 = Release|x64
		Release|x86 = Release|x86
	EndGlobalSection
	GlobalSection(ProjectConfigurationPlatforms) = postSolution
		{C99A7034-2575-471A-A41F-D731FE326746}.Debug|Any CPU.ActiveCfg = Debug|x64
		{C99A7034-2575-471A-A41F-D731FE326746}.Debug|Any CPU.Build.0 = Debug|x64
		{C99A7034-2575-471A-A41F-D731FE326746}.Debug|x64.ActiveCfg = Debug|x64
		{C99A7034-2575-471A-A41F-D731FE326746}.Debug|x64.Build.0 = Debug|x64
		{C99A7034-2575-471A-A41F-D731FE326746}.Debug|x86.ActiveCfg = Debug|Win32
		{C99A7034-2575-471A-A41F-D731FE326746}.Debug|x86.Build.0 = Debug|Win32
		{C99A7034-2575-471A-A41F-D731FE326746}.Release|Any CPU.ActiveCfg = Release|x64
		{C99A7034-2575-471A-A41F-D731FE326746}.Release|Any CPU.Build.0 = Release|x64
		{C99A7034-2575-471A-A41F-D731FE326746}.Release|x64.ActiveCfg = Release|x64
		{C99A7034-2575-471A-A41F-D731FE326746}.Release|x64.Build.0 = Release|x64
		{C99A7034-2575-471A-A41F-D731FE326746}.Release|x86.ActiveCfg = Release|Win32
		{C99A7034-2575-471A-A41F-D731FE326746}.Release|x86.Build.0 = Release|Win32
		{BB20A1B2-00D5-4DE8-B2C3-C1D55CDD9D7B}.Debug|Any CPU.ActiveCfg = Debug|x64
		{BB20A1B2-00D5-4DE8-B2C3-C1D55CDD9D7B}.Debug|Any CPU.Build.0 = Debug|x64
		{BB20A1B2-00D5-4DE8-B2C3-C1D55CDD9D7B}.Debug|x64.ActiveCfg = Debug|x64
		{BB20A1B2-00D5-4DE8-B2C3-C1D55CDD9D7B}.Debug|x64.Build.0 = Debug|x64
		{BB20A1B2-00D5-4DE8-B2C3-C1D55CDD9D7B}.Debug|x86.ActiveCfg = Debug|Win32
		{BB20A1B2-00D5-4DE8-B2C3-C1D55CDD9D7B}.Debug|x86.Build.0 = Debug|Win32
		{BB20A1B2-00D5-4DE8-B2C3-C1D55CDD9D7B}.Release|Any CPU.ActiveCfg = Release|x64
		{BB20A1B2-00D5-4DE8-B2C3-C1D55CDD9D7B}.Release|Any CPU.Build.0 = Release|x64
		{BB20A1B2-00D5-4DE8-B2C3-C1D55CDD9D7B}.Release|x64.ActiveCfg = Release|x64
		{BB20A1B2-00D5-4DE8-B2C3-C1D55CDD9D7B}.Release|x64.Build.0 = Release|x64
		{BB20A1B2-00D5-4DE8-B2C3-C1D55CDD9D7B}.Release|x86.ActiveCfg = Release|Win32
		{BB20A1B2-00D5-4DE8-B2C3-C1D55CDD9D7B}.Release|x86.Build.0 = Release|Win32
		{794D0F88-6FC9-4BA0-955B-08B1B928FD78}.Debug|Any CPU.ActiveCfg = Debug|x64
		{794D0F88-6FC9-4BA0-955B-08B1B928FD78}.Debug|Any CPU.Build.0 = Debug|x64
		{794D0F88-6FC9-4BA0-955B-08B1B928FD78}.Debug|x64.ActiveCfg = Debug|x64
		{794D0F88-6FC9-4BA0-955B-08B1B928FD78}.Debug|x64.Build.0 = Debug|x64
		{794D0F88-6FC9-4BA0-955B-08B1B928FD78}.Debug|x86.ActiveCfg = Debug|Win32
		{794D0F88-6FC9-4BA0-955B-08B1B928FD78}.Debug|x86.Build.0 = Debug|Win32
		{794D0F88-6FC9-4BA0-955B-08B1B928FD78}.Release|Any CPU.ActiveCfg = Release|x64
		{794D0F88-6FC9-4BA0-955B-08B1B928FD78}.Release|Any CPU.Build.0 = Release|x64
		{794D0F88-6FC9-4BA0-955B-08B1B928FD78}.Release|x64.ActiveCfg = Release|x64
		{794D0F88-6FC9-4BA0-955B-08B1B928FD78}.Release|x64.Build.0 = Release|x64
		{794D0F88-6FC9-4BA0-955B-08B1B928FD78}.Release|x86.ActiveCfg = Release|Win32
		{794D0F88-6FC9-4BA0-955B-08B1B928FD78}.Release|x86.Build.0 = Release|Win32
		{C8A63A70-26BA-4148-8B0A-6F8DA78A147E}.Debug|Any CPU.ActiveCfg = Debug|x64
		{C8A63A70-26BA-4148-8B0A-6F8DA78A147E}.Debug|Any CPU.Build.0 = Debug|x64
		{C8A63A70-26BA-4148-8B0A-6F8DA78A147E}.Debug|x64.ActiveCfg = Debug|x64
		{C8A63A70-26BA-4148-8B0A-6F8DA78A147E}.Debug|x64.Build.0 = Debug|x64
		{C8A63A70-26BA-4148-8B0A-6F8DA78A147E}.Debug|x86.ActiveCfg = Debug|Win32
		{C8A63A70-26BA-4148-8B0A-6F8DA78A147E}.Debug|x86.Build.0 = Debug|Win32
		{C8A63A70-26BA-4148-8B0A-6F8DA78A147E}.Release|Any CPU.ActiveCfg = Release|x64
		{C8A63A70-26BA-4148-8B0A-6F8DA78A147E}.Release|Any CPU.Build.0 = Release|x64
		{C8A63A70-26BA-4148-8B0A-6F8DA78A147E}.Release|x64.ActiveCfg = Release|x64
		{C8A63A70-26BA-4148-8B0A-6F8DA78A147E}.Release|x64.Build.0 = Release|x64
		{C8A63A70-26BA-4148-8B0A-6F8DA78A147E}.Release|x86.ActiveCfg = Release|Win32
		{C8A63A70-26BA-4148-8B0A-6F8DA78A147E}.Release|x86.Build.0 = Release|Win32
		{DD7F0B4F-2982-4C70-A355-DF8AE83C1987}.Debug|Any CPU.ActiveCfg = Debug|x64
		{DD7F0B4F-2982-4C70-A355-DF8AE83C1987}.Debug|Any CPU.Build.0 = Debug|x64
		{DD7F0B4F-2982-4C70-A355-DF8AE83C1987}.Debug|x64.ActiveCfg = Debug|x64
		{DD7F0B4F-2982-4C70-A355-DF8AE83C1987}.Debug|x64.Build.0 = Debug|x64
		{DD7F0B4F-2982-4C70-A355-DF8AE83C1987}.Debug|x86.ActiveCfg = Debug|Win32
		{DD7F0B4F-2982-4C70-A355-DF8AE83C1987}.Debug|x86.Build.0 = Debug|Win32
		{DD7F0B4F-2982-4C70-A355-DF8AE83C1987}.Release|Any CPU.ActiveCfg = Release|x64
		{DD7F0B4F-2982-4C70-A355-DF8AE83C1987}.Release|Any CPU.Build.0 = Release|x64
		{DD7F0B4F-2982-4C70-A355-DF8AE83C1987}.Release|x64.ActiveCfg = Release|x64
		{DD7F0B4F-2982-4C70-A355-DF8AE83C1987}.Release|x64.Build.0 = Release|x64
		{DD7F0B4F-2982-4C70-A355-DF8AE83C1987}.Release|x86.ActiveCfg = Release|Win32
		{DD7F0B4F-2982-4C70-A355-DF8AE83C1987}.Release|x86.Build.0 = Release|Win32
		{BABC4CCC-B4EC-484B-B815-544C598D51DA}.Debug|Any CPU.ActiveCfg = Debug|x64
		{BABC4CCC-B4EC-484B-B815-544C598D51DA}.Debug|Any CPU.Build.0 = Debug|x64
		{BABC4CCC-B4EC-484B-B815-544C598D51DA}.Debug|x64.ActiveCfg = Debug|x64
		{BABC4CCC-B4EC-484B-B815-544C598D51DA}.Debug|x64.Build.0 = Debug|x64
		{BABC4CCC-B4EC-484B-B815-544C598D51DA}.Debug|x86.ActiveCfg = Debug|Win32
		{BABC4CCC-B4EC-484B-B815-544C598D51DA}.Debug|x86.Build.0 = Debug|Win32
		{BABC4CCC-B4EC-484B-B815-544C598D51DA}.Release|Any CPU.ActiveCfg = Release|x64
		{BABC4CCC-B4EC-484B-B815-544C598D51DA}.Release|Any CPU.Build.0 = Release|x64
		{BABC4CCC-B4EC-484B-B815-544C598D51DA}.Release|x64.ActiveCfg = Release|x64
		{BABC4CCC-B4EC-484B-B815-544C598D51DA}.Release|x64.Build.0 = Release|x64
		{BABC4CCC-B4EC-484B-B815-544C598D51DA}.Release|x86.ActiveCfg = Release|Win32
		{BABC4CCC-B4EC-484B-B815-544C598D51DA}.Release|x86.Build.0 = Release|Win32
	EndGlobalSection
	GlobalSection(SolutionProperties) = preSolution
		HideSolutionNode = FALSE
	EndGlobalSection
	GlobalSection(ExtensibilityGlobals) = postSolution
		SolutionGuid = {0FF72117-C74D-4430-8D5F-F1BB756ACA0C}
	EndGlobalSection
EndGlobal
